
Microsoft Visual Studio Solution File, Format Version 12.00
# Visual Studio Version 16
VisualStudioVersion = 25.0.1706.14
MinimumVisualStudioVersion = 10.0.40219.1
Project("{FAE04EC0-301F-11D3-BF4B-00C04F79EFBC}") = "Web", "Web\Web.csproj", "{3BE9AB42-4756-4F68-BF2F-C66CC698D291}"
EndProject
Project("{FAE04EC0-301F-11D3-BF4B-00C04F79EFBC}") = "Domain", "Domain\Domain.csproj", "{E89A0E3B-ED03-4658-9039-2118B5122833}"
EndProject
Project("{FAE04EC0-301F-11D3-BF4B-00C04F79EFBC}") = "Application", "Application\Application.csproj", "{F7E12995-3E88-47CA-9B19-ADCBEB5B3D7A}"
EndProject
Project("{FAE04EC0-301F-11D3-BF4B-00C04F79EFBC}") = "Infrastructure", "Infrastructure\Infrastructure.csproj", "{9EA51381-CC68-4E2E-BB05-15A964ADD86D}"
EndProject
Global
	GlobalSection(SolutionConfigurationPlatforms) = preSolution
		Debug|Any CPU = Debug|Any CPU
		Release|Any CPU = Release|Any CPU
	EndGlobalSection
	GlobalSection(ProjectConfigurationPlatforms) = postSolution
		{3BE9AB42-4756-4F68-BF2F-C66CC698D291}.Debug|Any CPU.ActiveCfg = Debug|Any CPU
		{3BE9AB42-4756-4F68-BF2F-C66CC698D291}.Debug|Any CPU.Build.0 = Debug|Any CPU
		{3BE9AB42-4756-4F68-BF2F-C66CC698D291}.Release|Any CPU.ActiveCfg = Release|Any CPU
		{3BE9AB42-4756-4F68-BF2F-C66CC698D291}.Release|Any CPU.Build.0 = Release|Any CPU
		{E89A0E3B-ED03-4658-9039-2118B5122833}.Debug|Any CPU.ActiveCfg = Debug|Any CPU
		{E89A0E3B-ED03-4658-9039-2118B5122833}.Debug|Any CPU.Build.0 = Debug|Any CPU
		{E89A0E3B-ED03-4658-9039-2118B5122833}.Release|Any CPU.ActiveCfg = Release|Any CPU
		{E89A0E3B-ED03-4658-9039-2118B5122833}.Release|Any CPU.Build.0 = Release|Any CPU
		{F7E12995-3E88-47CA-9B19-ADCBEB5B3D7A}.Debug|Any CPU.ActiveCfg = Debug|Any CPU
		{F7E12995-3E88-47CA-9B19-ADCBEB5B3D7A}.Debug|Any CPU.Build.0 = Debug|Any CPU
		{F7E12995-3E88-47CA-9B19-ADCBEB5B3D7A}.Release|Any CPU.ActiveCfg = Release|Any CPU
		{F7E12995-3E88-47CA-9B19-ADCBEB5B3D7A}.Release|Any CPU.Build.0 = Release|Any CPU
		{9EA51381-CC68-4E2E-BB05-15A964ADD86D}.Debug|Any CPU.ActiveCfg = Debug|Any CPU
		{9EA51381-CC68-4E2E-BB05-15A964ADD86D}.Debug|Any CPU.Build.0 = Debug|Any CPU
		{9EA51381-CC68-4E2E-BB05-15A964ADD86D}.Release|Any CPU.ActiveCfg = Release|Any CPU
		{9EA51381-CC68-4E2E-BB05-15A964ADD86D}.Release|Any CPU.Build.0 = Release|Any CPU
	EndGlobalSection
	GlobalSection(SolutionProperties) = preSolution
		HideSolutionNode = FALSE
	EndGlobalSection
	GlobalSection(ExtensibilityGlobals) = postSolution
		SolutionGuid = {1EB8882E-1AD1-40A4-ADAA-1364986C607F}
	EndGlobalSection
EndGlobal
