
Microsoft Visual Studio Solution File, Format Version 12.00
# Visual Studio Version 16
VisualStudioVersion = 25.0.1706.14
MinimumVisualStudioVersion = 10.0.40219.1
Project("{FAE04EC0-301F-11D3-BF4B-00C04F79EFBC}") = "Web", "Web\Web.csproj", "{61C2A3B9-C2B7-4C84-B027-FD5E4029C360}"
EndProject
Project("{FAE04EC0-301F-11D3-BF4B-00C04F79EFBC}") = "Domain", "Domain\Domain.csproj", "{C03105EE-97F3-4F93-A0EE-D1E469C4FF50}"
EndProject
Project("{FAE04EC0-301F-11D3-BF4B-00C04F79EFBC}") = "Infrastructure", "Infrastructure\Infrastructure.csproj", "{9192AF06-3E59-40E5-8730-AC26ECDBAFD5}"
EndProject
Project("{FAE04EC0-301F-11D3-BF4B-00C04F79EFBC}") = "Application", "Application\Application.csproj", "{0CAB5759-5785-4390-A8C3-C5004602059C}"
EndProject
Global
	GlobalSection(SolutionConfigurationPlatforms) = preSolution
		Debug|Any CPU = Debug|Any CPU
		Release|Any CPU = Release|Any CPU
	EndGlobalSection
	GlobalSection(ProjectConfigurationPlatforms) = postSolution
		{61C2A3B9-C2B7-4C84-B027-FD5E4029C360}.Debug|Any CPU.ActiveCfg = Debug|Any CPU
		{61C2A3B9-C2B7-4C84-B027-FD5E4029C360}.Debug|Any CPU.Build.0 = Debug|Any CPU
		{61C2A3B9-C2B7-4C84-B027-FD5E4029C360}.Release|Any CPU.ActiveCfg = Release|Any CPU
		{61C2A3B9-C2B7-4C84-B027-FD5E4029C360}.Release|Any CPU.Build.0 = Release|Any CPU
		{C03105EE-97F3-4F93-A0EE-D1E469C4FF50}.Debug|Any CPU.ActiveCfg = Debug|Any CPU
		{C03105EE-97F3-4F93-A0EE-D1E469C4FF50}.Debug|Any CPU.Build.0 = Debug|Any CPU
		{C03105EE-97F3-4F93-A0EE-D1E469C4FF50}.Release|Any CPU.ActiveCfg = Release|Any CPU
		{C03105EE-97F3-4F93-A0EE-D1E469C4FF50}.Release|Any CPU.Build.0 = Release|Any CPU
		{9192AF06-3E59-40E5-8730-AC26ECDBAFD5}.Debug|Any CPU.ActiveCfg = Debug|Any CPU
		{9192AF06-3E59-40E5-8730-AC26ECDBAFD5}.Debug|Any CPU.Build.0 = Debug|Any CPU
		{9192AF06-3E59-40E5-8730-AC26ECDBAFD5}.Release|Any CPU.ActiveCfg = Release|Any CPU
		{9192AF06-3E59-40E5-8730-AC26ECDBAFD5}.Release|Any CPU.Build.0 = Release|Any CPU
		{0CAB5759-5785-4390-A8C3-C5004602059C}.Debug|Any CPU.ActiveCfg = Debug|Any CPU
		{0CAB5759-5785-4390-A8C3-C5004602059C}.Debug|Any CPU.Build.0 = Debug|Any CPU
		{0CAB5759-5785-4390-A8C3-C5004602059C}.Release|Any CPU.ActiveCfg = Release|Any CPU
		{0CAB5759-5785-4390-A8C3-C5004602059C}.Release|Any CPU.Build.0 = Release|Any CPU
	EndGlobalSection
	GlobalSection(SolutionProperties) = preSolution
		HideSolutionNode = FALSE
	EndGlobalSection
	GlobalSection(ExtensibilityGlobals) = postSolution
		SolutionGuid = {1EB8882E-1AD1-40A4-ADAA-1364986C607F}
	EndGlobalSection
EndGlobal
